
Microsoft Visual Studio Solution File, Format Version 12.00
# Visual Studio 2013
VisualStudioVersion = 12.0.21005.1
MinimumVisualStudioVersion = 10.0.40219.1
Project("{FAE04EC0-301F-11D3-BF4B-00C04F79EFBC}") = "ConsoleApplication1", "ConsoleApplication1\ConsoleApplication1.csproj", "{5BFA217E-C61D-4637-999B-77BBD6ABA6C6}"
EndProject
Project("{FAE04EC0-301F-11D3-BF4B-00C04F79EFBC}") = "Test", "Test\Test.csproj", "{C831BC75-FF67-4334-9FFC-027E93667DBF}"
EndProject
Global
	GlobalSection(SolutionConfigurationPlatforms) = preSolution
		Debug|Any CPU = Debug|Any CPU
		Release|Any CPU = Release|Any CPU
	EndGlobalSection
	GlobalSection(ProjectConfigurationPlatforms) = postSolution
		{5BFA217E-C61D-4637-999B-77BBD6ABA6C6}.Debug|Any CPU.ActiveCfg = Debug|Any CPU
		{5BFA217E-C61D-4637-999B-77BBD6ABA6C6}.Debug|Any CPU.Build.0 = Debug|Any CPU
		{5BFA217E-C61D-4637-999B-77BBD6ABA6C6}.Release|Any CPU.ActiveCfg = Release|Any CPU
		{5BFA217E-C61D-4637-999B-77BBD6ABA6C6}.Release|Any CPU.Build.0 = Release|Any CPU
		{C831BC75-FF67-4334-9FFC-027E93667DBF}.Debug|Any CPU.ActiveCfg = Debug|Any CPU
		{C831BC75-FF67-4334-9FFC-027E93667DBF}.Debug|Any CPU.Build.0 = Debug|Any CPU
		{C831BC75-FF67-4334-9FFC-027E93667DBF}.Release|Any CPU.ActiveCfg = Release|Any CPU
		{C831BC75-FF67-4334-9FFC-027E93667DBF}.Release|Any CPU.Build.0 = Release|Any CPU
	EndGlobalSection
	GlobalSection(SolutionProperties) = preSolution
		HideSolutionNode = FALSE
	EndGlobalSection
EndGlobal
